
Microsoft Visual Studio Solution File, Format Version 12.00
# Visual Studio 14
VisualStudioVersion = 14.0.25123.0
MinimumVisualStudioVersion = 10.0.40219.1
Project("{8BC9CEB8-8B4A-11D0-8D11-00A0C91BC942}") = "FeaturesDetector", "GoToOlymp3\GoToOlymp3.vcxproj", "{908A54B9-04BB-4690-ABDB-41A21D18FF46}"
EndProject
Project("{8BC9CEB8-8B4A-11D0-8D11-00A0C91BC942}") = "NeuralNetworkTraining", "NeuralNetworkTraining\NeuralNetworkTraining.vcxproj", "{41D329B9-3535-47D2-A1FE-76A8A52E32C4}"
EndProject
Project("{8BC9CEB8-8B4A-11D0-8D11-00A0C91BC942}") = "NeuralNetworkRun", "NeuralNetworkRun\NeuralNetworkRun.vcxproj", "{49E471D1-0A93-4819-94CF-55619034B840}"
EndProject
Project("{8BC9CEB8-8B4A-11D0-8D11-00A0C91BC942}") = "GeneticAlgorithm", "GeneticAlgorithm\GeneticAlgorithm.vcxproj", "{B038FDBC-86ED-436C-AC1C-45C73DBF1A2F}"
EndProject
Global
	GlobalSection(SolutionConfigurationPlatforms) = preSolution
		Debug|x64 = Debug|x64
		Debug|x86 = Debug|x86
		Release|x64 = Release|x64
		Release|x86 = Release|x86
	EndGlobalSection
	GlobalSection(ProjectConfigurationPlatforms) = postSolution
		{908A54B9-04BB-4690-ABDB-41A21D18FF46}.Debug|x64.ActiveCfg = Debug|x64
		{908A54B9-04BB-4690-ABDB-41A21D18FF46}.Debug|x64.Build.0 = Debug|x64
		{908A54B9-04BB-4690-ABDB-41A21D18FF46}.Debug|x86.ActiveCfg = Debug|Win32
		{908A54B9-04BB-4690-ABDB-41A21D18FF46}.Debug|x86.Build.0 = Debug|Win32
		{908A54B9-04BB-4690-ABDB-41A21D18FF46}.Release|x64.ActiveCfg = Release|x64
		{908A54B9-04BB-4690-ABDB-41A21D18FF46}.Release|x64.Build.0 = Release|x64
		{908A54B9-04BB-4690-ABDB-41A21D18FF46}.Release|x86.ActiveCfg = Release|Win32
		{908A54B9-04BB-4690-ABDB-41A21D18FF46}.Release|x86.Build.0 = Release|Win32
		{41D329B9-3535-47D2-A1FE-76A8A52E32C4}.Debug|x64.ActiveCfg = Debug|x64
		{41D329B9-3535-47D2-A1FE-76A8A52E32C4}.Debug|x64.Build.0 = Debug|x64
		{41D329B9-3535-47D2-A1FE-76A8A52E32C4}.Debug|x86.ActiveCfg = Debug|Win32
		{41D329B9-3535-47D2-A1FE-76A8A52E32C4}.Debug|x86.Build.0 = Debug|Win32
		{41D329B9-3535-47D2-A1FE-76A8A52E32C4}.Release|x64.ActiveCfg = Release|x64
		{41D329B9-3535-47D2-A1FE-76A8A52E32C4}.Release|x64.Build.0 = Release|x64
		{41D329B9-3535-47D2-A1FE-76A8A52E32C4}.Release|x86.ActiveCfg = Release|Win32
		{41D329B9-3535-47D2-A1FE-76A8A52E32C4}.Release|x86.Build.0 = Release|Win32
		{49E471D1-0A93-4819-94CF-55619034B840}.Debug|x64.ActiveCfg = Debug|x64
		{49E471D1-0A93-4819-94CF-55619034B840}.Debug|x64.Build.0 = Debug|x64
		{49E471D1-0A93-4819-94CF-55619034B840}.Debug|x86.ActiveCfg = Debug|Win32
		{49E471D1-0A93-4819-94CF-55619034B840}.Debug|x86.Build.0 = Debug|Win32
		{49E471D1-0A93-4819-94CF-55619034B840}.Release|x64.ActiveCfg = Release|x64
		{49E471D1-0A93-4819-94CF-55619034B840}.Release|x64.Build.0 = Release|x64
		{49E471D1-0A93-4819-94CF-55619034B840}.Release|x86.ActiveCfg = Release|Win32
		{49E471D1-0A93-4819-94CF-55619034B840}.Release|x86.Build.0 = Release|Win32
		{B038FDBC-86ED-436C-AC1C-45C73DBF1A2F}.Debug|x64.ActiveCfg = Debug|x64
		{B038FDBC-86ED-436C-AC1C-45C73DBF1A2F}.Debug|x64.Build.0 = Debug|x64
		{B038FDBC-86ED-436C-AC1C-45C73DBF1A2F}.Debug|x86.ActiveCfg = Debug|Win32
		{B038FDBC-86ED-436C-AC1C-45C73DBF1A2F}.Debug|x86.Build.0 = Debug|Win32
		{B038FDBC-86ED-436C-AC1C-45C73DBF1A2F}.Release|x64.ActiveCfg = Release|x64
		{B038FDBC-86ED-436C-AC1C-45C73DBF1A2F}.Release|x64.Build.0 = Release|x64
		{B038FDBC-86ED-436C-AC1C-45C73DBF1A2F}.Release|x86.ActiveCfg = Release|Win32
		{B038FDBC-86ED-436C-AC1C-45C73DBF1A2F}.Release|x86.Build.0 = Release|Win32
	EndGlobalSection
	GlobalSection(SolutionProperties) = preSolution
		HideSolutionNode = FALSE
	EndGlobalSection
EndGlobal
